
Microsoft Visual Studio Solution File, Format Version 12.00
# Visual Studio 15
VisualStudioVersion = 15.0.26730.16
MinimumVisualStudioVersion = 10.0.40219.1
Project("{FAE04EC0-301F-11D3-BF4B-00C04F79EFBC}") = "WinFormsFFbasE", "WinFormsFFbasE\WinFormsFFbasE.csproj", "{C8129AE4-F28A-4267-95B7-3B563DA06C63}"
EndProject
Global
	GlobalSection(SolutionConfigurationPlatforms) = preSolution
		Debug|Any CPU = Debug|Any CPU
		Release|Any CPU = Release|Any CPU
	EndGlobalSection
	GlobalSection(ProjectConfigurationPlatforms) = postSolution
		{C8129AE4-F28A-4267-95B7-3B563DA06C63}.Debug|Any CPU.ActiveCfg = Debug|Any CPU
		{C8129AE4-F28A-4267-95B7-3B563DA06C63}.Debug|Any CPU.Build.0 = Debug|Any CPU
		{C8129AE4-F28A-4267-95B7-3B563DA06C63}.Release|Any CPU.ActiveCfg = Release|Any CPU
		{C8129AE4-F28A-4267-95B7-3B563DA06C63}.Release|Any CPU.Build.0 = Release|Any CPU
	EndGlobalSection
	GlobalSection(SolutionProperties) = preSolution
		HideSolutionNode = FALSE
	EndGlobalSection
	GlobalSection(ExtensibilityGlobals) = postSolution
		SolutionGuid = {8BB7D8B7-BF65-4C8C-85AE-658DF327C132}
	EndGlobalSection
EndGlobal
